// !$*UTF8*$!
{
	archiveVersion = 1;
	classes = {
	};
	objectVersion = 50;
	objects = {

/* Begin PBXBuildFile section */
		9E0C04A32280D64D00694419 /* LiskovSubstitutionPrinciple.cpp in Sources */ = {isa = PBXBuildFile; fileRef = 9E0C04A12280D64D00694419 /* LiskovSubstitutionPrinciple.cpp */; };
		9E0D36C3227ED6A000286300 /* OpenClosedPrinciple.cpp in Sources */ = {isa = PBXBuildFile; fileRef = 9E0D36C1227ED6A000286300 /* OpenClosedPrinciple.cpp */; };
		9EFAEAB422799ECD006C7DB1 /* main.cpp in Sources */ = {isa = PBXBuildFile; fileRef = 9EFAEAB322799ECD006C7DB1 /* main.cpp */; };
		9EFAEABE2279A760006C7DB1 /* SingleResponsibilityPrinciple.cpp in Sources */ = {isa = PBXBuildFile; fileRef = 9EFAEABC2279A760006C7DB1 /* SingleResponsibilityPrinciple.cpp */; };
/* End PBXBuildFile section */

/* Begin PBXCopyFilesBuildPhase section */
		9EFAEAAE22799ECD006C7DB1 /* CopyFiles */ = {
			isa = PBXCopyFilesBuildPhase;
			buildActionMask = 2147483647;
			dstPath = /usr/share/man/man1/;
			dstSubfolderSpec = 0;
			files = (
			);
			runOnlyForDeploymentPostprocessing = 1;
		};
/* End PBXCopyFilesBuildPhase section */

/* Begin PBXFileReference section */
		9E0C04A12280D64D00694419 /* LiskovSubstitutionPrinciple.cpp */ = {isa = PBXFileReference; lastKnownFileType = sourcecode.cpp.cpp; name = LiskovSubstitutionPrinciple.cpp; path = SOLID/LiskovSubstitutionPrinciple.cpp; sourceTree = "<group>"; };
		9E0C04A22280D64D00694419 /* LiskovSubstitutionPrinciple.hpp */ = {isa = PBXFileReference; lastKnownFileType = sourcecode.cpp.h; name = LiskovSubstitutionPrinciple.hpp; path = SOLID/LiskovSubstitutionPrinciple.hpp; sourceTree = "<group>"; };
		9E0D36C1227ED6A000286300 /* OpenClosedPrinciple.cpp */ = {isa = PBXFileReference; lastKnownFileType = sourcecode.cpp.cpp; name = OpenClosedPrinciple.cpp; path = SOLID/OpenClosedPrinciple.cpp; sourceTree = "<group>"; };
		9E0D36C2227ED6A000286300 /* OpenClosedPrinciple.hpp */ = {isa = PBXFileReference; lastKnownFileType = sourcecode.cpp.h; name = OpenClosedPrinciple.hpp; path = SOLID/OpenClosedPrinciple.hpp; sourceTree = "<group>"; };
		9EFAEAB022799ECD006C7DB1 /* CppDesignPattern */ = {isa = PBXFileReference; explicitFileType = "compiled.mach-o.executable"; includeInIndex = 0; path = CppDesignPattern; sourceTree = BUILT_PRODUCTS_DIR; };
		9EFAEAB322799ECD006C7DB1 /* main.cpp */ = {isa = PBXFileReference; lastKnownFileType = sourcecode.cpp.cpp; path = main.cpp; sourceTree = "<group>"; };
		9EFAEABC2279A760006C7DB1 /* SingleResponsibilityPrinciple.cpp */ = {isa = PBXFileReference; lastKnownFileType = sourcecode.cpp.cpp; name = SingleResponsibilityPrinciple.cpp; path = SOLID/SingleResponsibilityPrinciple.cpp; sourceTree = "<group>"; };
		9EFAEABD2279A760006C7DB1 /* SingleResponsibilityPrinciple.hpp */ = {isa = PBXFileReference; lastKnownFileType = sourcecode.cpp.h; name = SingleResponsibilityPrinciple.hpp; path = SOLID/SingleResponsibilityPrinciple.hpp; sourceTree = "<group>"; };
/* End PBXFileReference section */

/* Begin PBXFrameworksBuildPhase section */
		9EFAEAAD22799ECD006C7DB1 /* Frameworks */ = {
			isa = PBXFrameworksBuildPhase;
			buildActionMask = 2147483647;
			files = (
			);
			runOnlyForDeploymentPostprocessing = 0;
		};
/* End PBXFrameworksBuildPhase section */

/* Begin PBXGroup section */
		9EFAEAA722799ECD006C7DB1 = {
			isa = PBXGroup;
			children = (
				9EFAEAB222799ECD006C7DB1 /* CppDesignPattern */,
				9EFAEAB122799ECD006C7DB1 /* Products */,
			);
			sourceTree = "<group>";
		};
		9EFAEAB122799ECD006C7DB1 /* Products */ = {
			isa = PBXGroup;
			children = (
				9EFAEAB022799ECD006C7DB1 /* CppDesignPattern */,
			);
			name = Products;
			sourceTree = "<group>";
		};
		9EFAEAB222799ECD006C7DB1 /* CppDesignPattern */ = {
			isa = PBXGroup;
			children = (
				9EFAEABB2279A71F006C7DB1 /* SOLID */,
				9EFAEAB322799ECD006C7DB1 /* main.cpp */,
			);
			path = CppDesignPattern;
			sourceTree = "<group>";
		};
		9EFAEABB2279A71F006C7DB1 /* SOLID */ = {
			isa = PBXGroup;
			children = (
				9EFAEABC2279A760006C7DB1 /* SingleResponsibilityPrinciple.cpp */,
				9EFAEABD2279A760006C7DB1 /* SingleResponsibilityPrinciple.hpp */,
				9E0D36C1227ED6A000286300 /* OpenClosedPrinciple.cpp */,
				9E0D36C2227ED6A000286300 /* OpenClosedPrinciple.hpp */,
				9E0C04A12280D64D00694419 /* LiskovSubstitutionPrinciple.cpp */,
				9E0C04A22280D64D00694419 /* LiskovSubstitutionPrinciple.hpp */,
			);
			name = SOLID;
			sourceTree = "<group>";
		};
/* End PBXGroup section */

/* Begin PBXNativeTarget section */
		9EFAEAAF22799ECD006C7DB1 /* CppDesignPattern */ = {
			isa = PBXNativeTarget;
			buildConfigurationList = 9EFAEAB722799ECD006C7DB1 /* Build configuration list for PBXNativeTarget "CppDesignPattern" */;
			buildPhases = (
				9EFAEAAC22799ECD006C7DB1 /* Sources */,
				9EFAEAAD22799ECD006C7DB1 /* Frameworks */,
				9EFAEAAE22799ECD006C7DB1 /* CopyFiles */,
			);
			buildRules = (
			);
			dependencies = (
			);
			name = CppDesignPattern;
			productName = CppDesignPattern;
			productReference = 9EFAEAB022799ECD006C7DB1 /* CppDesignPattern */;
			productType = "com.apple.product-type.tool";
		};
/* End PBXNativeTarget section */

/* Begin PBXProject section */
		9EFAEAA822799ECD006C7DB1 /* Project object */ = {
			isa = PBXProject;
			attributes = {
				LastUpgradeCheck = 1010;
				ORGANIZATIONNAME = ogurotetsuro;
				TargetAttributes = {
					9EFAEAAF22799ECD006C7DB1 = {
						CreatedOnToolsVersion = 10.1;
					};
				};
			};
			buildConfigurationList = 9EFAEAAB22799ECD006C7DB1 /* Build configuration list for PBXProject "CppDesignPattern" */;
			compatibilityVersion = "Xcode 9.3";
			developmentRegion = en;
			hasScannedForEncodings = 0;
			knownRegions = (
				en,
			);
			mainGroup = 9EFAEAA722799ECD006C7DB1;
			productRefGroup = 9EFAEAB122799ECD006C7DB1 /* Products */;
			projectDirPath = "";
			projectRoot = "";
			targets = (
				9EFAEAAF22799ECD006C7DB1 /* CppDesignPattern */,
			);
		};
/* End PBXProject section */

/* Begin PBXSourcesBuildPhase section */
		9EFAEAAC22799ECD006C7DB1 /* Sources */ = {
			isa = PBXSourcesBuildPhase;
			buildActionMask = 2147483647;
			files = (
				9EFAEABE2279A760006C7DB1 /* SingleResponsibilityPrinciple.cpp in Sources */,
				9E0D36C3227ED6A000286300 /* OpenClosedPrinciple.cpp in Sources */,
				9EFAEAB422799ECD006C7DB1 /* main.cpp in Sources */,
				9E0C04A32280D64D00694419 /* LiskovSubstitutionPrinciple.cpp in Sources */,
			);
			runOnlyForDeploymentPostprocessing = 0;
		};
/* End PBXSourcesBuildPhase section */

/* Begin XCBuildConfiguration section */
		9EFAEAB522799ECD006C7DB1 /* Debug */ = {
			isa = XCBuildConfiguration;
			buildSettings = {
				ALWAYS_SEARCH_USER_PATHS = NO;
				CLANG_ANALYZER_NONNULL = YES;
				CLANG_ANALYZER_NUMBER_OBJECT_CONVERSION = YES_AGGRESSIVE;
				CLANG_CXX_LANGUAGE_STANDARD = "gnu++14";
				CLANG_CXX_LIBRARY = "libc++";
				CLANG_ENABLE_MODULES = YES;
				CLANG_ENABLE_OBJC_ARC = YES;
				CLANG_ENABLE_OBJC_WEAK = YES;
				CLANG_WARN_BLOCK_CAPTURE_AUTORELEASING = YES;
				CLANG_WARN_BOOL_CONVERSION = YES;
				CLANG_WARN_COMMA = YES;
				CLANG_WARN_CONSTANT_CONVERSION = YES;
				CLANG_WARN_DEPRECATED_OBJC_IMPLEMENTATIONS = YES;
				CLANG_WARN_DIRECT_OBJC_ISA_USAGE = YES_ERROR;
				CLANG_WARN_DOCUMENTATION_COMMENTS = YES;
				CLANG_WARN_EMPTY_BODY = YES;
				CLANG_WARN_ENUM_CONVERSION = YES;
				CLANG_WARN_INFINITE_RECURSION = YES;
				CLANG_WARN_INT_CONVERSION = YES;
				CLANG_WARN_NON_LITERAL_NULL_CONVERSION = YES;
				CLANG_WARN_OBJC_IMPLICIT_RETAIN_SELF = YES;
				CLANG_WARN_OBJC_LITERAL_CONVERSION = YES;
				CLANG_WARN_OBJC_ROOT_CLASS = YES_ERROR;
				CLANG_WARN_RANGE_LOOP_ANALYSIS = YES;
				CLANG_WARN_STRICT_PROTOTYPES = YES;
				CLANG_WARN_SUSPICIOUS_MOVE = YES;
				CLANG_WARN_UNGUARDED_AVAILABILITY = YES_AGGRESSIVE;
				CLANG_WARN_UNREACHABLE_CODE = YES;
				CLANG_WARN__DUPLICATE_METHOD_MATCH = YES;
				CODE_SIGN_IDENTITY = "-";
				COPY_PHASE_STRIP = NO;
				DEBUG_INFORMATION_FORMAT = dwarf;
				ENABLE_STRICT_OBJC_MSGSEND = YES;
				ENABLE_TESTABILITY = YES;
				GCC_C_LANGUAGE_STANDARD = gnu11;
				GCC_DYNAMIC_NO_PIC = NO;
				GCC_NO_COMMON_BLOCKS = YES;
				GCC_OPTIMIZATION_LEVEL = 0;
				GCC_PREPROCESSOR_DEFINITIONS = (
					"DEBUG=1",
					"$(inherited)",
				);
				GCC_WARN_64_TO_32_BIT_CONVERSION = YES;
				GCC_WARN_ABOUT_RETURN_TYPE = YES_ERROR;
				GCC_WARN_UNDECLARED_SELECTOR = YES;
				GCC_WARN_UNINITIALIZED_AUTOS = YES_AGGRESSIVE;
				GCC_WARN_UNUSED_FUNCTION = YES;
				GCC_WARN_UNUSED_VARIABLE = YES;
				MACOSX_DEPLOYMENT_TARGET = 10.14;
				MTL_ENABLE_DEBUG_INFO = INCLUDE_SOURCE;
				MTL_FAST_MATH = YES;
				ONLY_ACTIVE_ARCH = YES;
				SDKROOT = macosx;
			};
			name = Debug;
		};
		9EFAEAB622799ECD006C7DB1 /* Release */ = {
			isa = XCBuildConfiguration;
			buildSettings = {
				ALWAYS_SEARCH_USER_PATHS = NO;
				CLANG_ANALYZER_NONNULL = YES;
				CLANG_ANALYZER_NUMBER_OBJECT_CONVERSION = YES_AGGRESSIVE;
				CLANG_CXX_LANGUAGE_STANDARD = "gnu++14";
				CLANG_CXX_LIBRARY = "libc++";
				CLANG_ENABLE_MODULES = YES;
				CLANG_ENABLE_OBJC_ARC = YES;
				CLANG_ENABLE_OBJC_WEAK = YES;
				CLANG_WARN_BLOCK_CAPTURE_AUTORELEASING = YES;
				CLANG_WARN_BOOL_CONVERSION = YES;
				CLANG_WARN_COMMA = YES;
				CLANG_WARN_CONSTANT_CONVERSION = YES;
				CLANG_WARN_DEPRECATED_OBJC_IMPLEMENTATIONS = YES;
				CLANG_WARN_DIRECT_OBJC_ISA_USAGE = YES_ERROR;
				CLANG_WARN_DOCUMENTATION_COMMENTS = YES;
				CLANG_WARN_EMPTY_BODY = YES;
				CLANG_WARN_ENUM_CONVERSION = YES;
				CLANG_WARN_INFINITE_RECURSION = YES;
				CLANG_WARN_INT_CONVERSION = YES;
				CLANG_WARN_NON_LITERAL_NULL_CONVERSION = YES;
				CLANG_WARN_OBJC_IMPLICIT_RETAIN_SELF = YES;
				CLANG_WARN_OBJC_LITERAL_CONVERSION = YES;
				CLANG_WARN_OBJC_ROOT_CLASS = YES_ERROR;
				CLANG_WARN_RANGE_LOOP_ANALYSIS = YES;
				CLANG_WARN_STRICT_PROTOTYPES = YES;
				CLANG_WARN_SUSPICIOUS_MOVE = YES;
				CLANG_WARN_UNGUARDED_AVAILABILITY = YES_AGGRESSIVE;
				CLANG_WARN_UNREACHABLE_CODE = YES;
				CLANG_WARN__DUPLICATE_METHOD_MATCH = YES;
				CODE_SIGN_IDENTITY = "-";
				COPY_PHASE_STRIP = NO;
				DEBUG_INFORMATION_FORMAT = "dwarf-with-dsym";
				ENABLE_NS_ASSERTIONS = NO;
				ENABLE_STRICT_OBJC_MSGSEND = YES;
				GCC_C_LANGUAGE_STANDARD = gnu11;
				GCC_NO_COMMON_BLOCKS = YES;
				GCC_WARN_64_TO_32_BIT_CONVERSION = YES;
				GCC_WARN_ABOUT_RETURN_TYPE = YES_ERROR;
				GCC_WARN_UNDECLARED_SELECTOR = YES;
				GCC_WARN_UNINITIALIZED_AUTOS = YES_AGGRESSIVE;
				GCC_WARN_UNUSED_FUNCTION = YES;
				GCC_WARN_UNUSED_VARIABLE = YES;
				MACOSX_DEPLOYMENT_TARGET = 10.14;
				MTL_ENABLE_DEBUG_INFO = NO;
				MTL_FAST_MATH = YES;
				SDKROOT = macosx;
			};
			name = Release;
		};
		9EFAEAB822799ECD006C7DB1 /* Debug */ = {
			isa = XCBuildConfiguration;
			buildSettings = {
				CLANG_CXX_LANGUAGE_STANDARD = "c++17";
				CODE_SIGN_STYLE = Automatic;
				PRODUCT_NAME = "$(TARGET_NAME)";
			};
			name = Debug;
		};
		9EFAEAB922799ECD006C7DB1 /* Release */ = {
			isa = XCBuildConfiguration;
			buildSettings = {
				CLANG_CXX_LANGUAGE_STANDARD = "c++17";
				CODE_SIGN_STYLE = Automatic;
				PRODUCT_NAME = "$(TARGET_NAME)";
			};
			name = Release;
		};
/* End XCBuildConfiguration section */

/* Begin XCConfigurationList section */
		9EFAEAAB22799ECD006C7DB1 /* Build configuration list for PBXProject "CppDesignPattern" */ = {
			isa = XCConfigurationList;
			buildConfigurations = (
				9EFAEAB522799ECD006C7DB1 /* Debug */,
				9EFAEAB622799ECD006C7DB1 /* Release */,
			);
			defaultConfigurationIsVisible = 0;
			defaultConfigurationName = Release;
		};
		9EFAEAB722799ECD006C7DB1 /* Build configuration list for PBXNativeTarget "CppDesignPattern" */ = {
			isa = XCConfigurationList;
			buildConfigurations = (
				9EFAEAB822799ECD006C7DB1 /* Debug */,
				9EFAEAB922799ECD006C7DB1 /* Release */,
			);
			defaultConfigurationIsVisible = 0;
			defaultConfigurationName = Release;
		};
/* End XCConfigurationList section */
	};
	rootObject = 9EFAEAA822799ECD006C7DB1 /* Project object */;
}
