// !$*UTF8*$!
{
	archiveVersion = 1;
	classes = {
	};
	objectVersion = 50;
	objects = {

/* Begin PBXBuildFile section */
		9E0C04A32280D64D00694419 /* LiskovSubstitutionPrinciple.cpp in Sources */ = {isa = PBXBuildFile; fileRef = 9E0C04A12280D64D00694419 /* LiskovSubstitutionPrinciple.cpp */; };
		9E0D36C3227ED6A000286300 /* OpenClosedPrinciple.cpp in Sources */ = {isa = PBXBuildFile; fileRef = 9E0D36C1227ED6A000286300 /* OpenClosedPrinciple.cpp */; };
		9E39725B229F265B001436A7 /* Singleton.cpp in Sources */ = {isa = PBXBuildFile; fileRef = 9E397259229F265B001436A7 /* Singleton.cpp */; };
		9E608BD622ADA4990013D7A2 /* Composite.cpp in Sources */ = {isa = PBXBuildFile; fileRef = 9E608BD422ADA4990013D7A2 /* Composite.cpp */; };
		9E608BD922AE9E010013D7A2 /* NeuralNetwork.cpp in Sources */ = {isa = PBXBuildFile; fileRef = 9E608BD722AE9E010013D7A2 /* NeuralNetwork.cpp */; };
		9E608BDC22B2821F0013D7A2 /* ArrayBacked.cpp in Sources */ = {isa = PBXBuildFile; fileRef = 9E608BDA22B2821F0013D7A2 /* ArrayBacked.cpp */; };
		9E608BE022C41E7F0013D7A2 /* Decorator.cpp in Sources */ = {isa = PBXBuildFile; fileRef = 9E608BDE22C41E7F0013D7A2 /* Decorator.cpp */; };
		9E608BE322C72D880013D7A2 /* FunctionalDecorator.cpp in Sources */ = {isa = PBXBuildFile; fileRef = 9E608BE122C72D880013D7A2 /* FunctionalDecorator.cpp */; };
		9E6285422283740E003C7D96 /* Builder.cpp in Sources */ = {isa = PBXBuildFile; fileRef = 9E6285402283740E003C7D96 /* Builder.cpp */; };
		9E634D102281B4F70096C463 /* InterfaceSegregationPrinciple.cpp in Sources */ = {isa = PBXBuildFile; fileRef = 9E634D0E2281B4F70096C463 /* InterfaceSegregationPrinciple.cpp */; };
		9E634D132281BD640096C463 /* DependencyInversionPrinciple.cpp in Sources */ = {isa = PBXBuildFile; fileRef = 9E634D112281BD640096C463 /* DependencyInversionPrinciple.cpp */; };
		9E714A7F2306258400B3B9C5 /* Facade.cpp in Sources */ = {isa = PBXBuildFile; fileRef = 9E714A7E2306258400B3B9C5 /* Facade.cpp */; };
		9E79613022A7132A00A136CA /* Adapter.cpp in Sources */ = {isa = PBXBuildFile; fileRef = 9E79612E22A7132A00A136CA /* Adapter.cpp */; };
		9E7BCCD222A32E30008BC30F /* Printer.cpp in Sources */ = {isa = PBXBuildFile; fileRef = 9E7BCCD022A32E30008BC30F /* Printer.cpp */; };
		9E7BCCD522A32F4D008BC30F /* Multiton.cpp in Sources */ = {isa = PBXBuildFile; fileRef = 9E7BCCD322A32F4D008BC30F /* Multiton.cpp */; };
		9E99C52F22973D3800AC60AE /* Prototype.cpp in Sources */ = {isa = PBXBuildFile; fileRef = 9E99C52D22973D3800AC60AE /* Prototype.cpp */; };
		9EA5CF692291F4C400B06B5D /* AbstractFactory.cpp in Sources */ = {isa = PBXBuildFile; fileRef = 9EA5CF672291F4C400B06B5D /* AbstractFactory.cpp */; };
		9EA7416E22A9D3FD00678B69 /* Person.cpp in Sources */ = {isa = PBXBuildFile; fileRef = 9EA7416D22A9D3FD00678B69 /* Person.cpp */; };
		9EA7417122A9D6A100678B69 /* Bridge.cpp in Sources */ = {isa = PBXBuildFile; fileRef = 9EA7416F22A9D6A100678B69 /* Bridge.cpp */; };
		9ECC617C22880ED400E2CB15 /* GroovyStyle.cpp in Sources */ = {isa = PBXBuildFile; fileRef = 9ECC617A22880ED400E2CB15 /* GroovyStyle.cpp */; };
		9ECC617F228815E200E2CB15 /* BuilderFactets.cpp in Sources */ = {isa = PBXBuildFile; fileRef = 9ECC617D228815E200E2CB15 /* BuilderFactets.cpp */; };
		9ECC6182228817BD00E2CB15 /* Person.cpp in Sources */ = {isa = PBXBuildFile; fileRef = 9ECC6180228817BD00E2CB15 /* Person.cpp */; };
		9ECC61852288180D00E2CB15 /* PersonBuilder.cpp in Sources */ = {isa = PBXBuildFile; fileRef = 9ECC61832288180D00E2CB15 /* PersonBuilder.cpp */; };
		9ECC618F2288B83900E2CB15 /* Factory.cpp in Sources */ = {isa = PBXBuildFile; fileRef = 9ECC618D2288B83900E2CB15 /* Factory.cpp */; };
		9EFAEAB422799ECD006C7DB1 /* main.cpp in Sources */ = {isa = PBXBuildFile; fileRef = 9EFAEAB322799ECD006C7DB1 /* main.cpp */; };
		9EFAEABE2279A760006C7DB1 /* SingleResponsibilityPrinciple.cpp in Sources */ = {isa = PBXBuildFile; fileRef = 9EFAEABC2279A760006C7DB1 /* SingleResponsibilityPrinciple.cpp */; };
/* End PBXBuildFile section */

/* Begin PBXCopyFilesBuildPhase section */
		9EFAEAAE22799ECD006C7DB1 /* CopyFiles */ = {
			isa = PBXCopyFilesBuildPhase;
			buildActionMask = 2147483647;
			dstPath = /usr/share/man/man1/;
			dstSubfolderSpec = 0;
			files = (
			);
			runOnlyForDeploymentPostprocessing = 1;
		};
/* End PBXCopyFilesBuildPhase section */

/* Begin PBXFileReference section */
		9E0C04A12280D64D00694419 /* LiskovSubstitutionPrinciple.cpp */ = {isa = PBXFileReference; lastKnownFileType = sourcecode.cpp.cpp; name = LiskovSubstitutionPrinciple.cpp; path = SOLID/LiskovSubstitutionPrinciple.cpp; sourceTree = "<group>"; };
		9E0C04A22280D64D00694419 /* LiskovSubstitutionPrinciple.hpp */ = {isa = PBXFileReference; lastKnownFileType = sourcecode.cpp.h; name = LiskovSubstitutionPrinciple.hpp; path = SOLID/LiskovSubstitutionPrinciple.hpp; sourceTree = "<group>"; };
		9E0D36C1227ED6A000286300 /* OpenClosedPrinciple.cpp */ = {isa = PBXFileReference; lastKnownFileType = sourcecode.cpp.cpp; name = OpenClosedPrinciple.cpp; path = SOLID/OpenClosedPrinciple.cpp; sourceTree = "<group>"; };
		9E0D36C2227ED6A000286300 /* OpenClosedPrinciple.hpp */ = {isa = PBXFileReference; lastKnownFileType = sourcecode.cpp.h; name = OpenClosedPrinciple.hpp; path = SOLID/OpenClosedPrinciple.hpp; sourceTree = "<group>"; };
		9E397259229F265B001436A7 /* Singleton.cpp */ = {isa = PBXFileReference; lastKnownFileType = sourcecode.cpp.cpp; name = Singleton.cpp; path = Singleton/Singleton.cpp; sourceTree = "<group>"; };
		9E39725A229F265B001436A7 /* Singleton.hpp */ = {isa = PBXFileReference; lastKnownFileType = sourcecode.cpp.h; name = Singleton.hpp; path = Singleton/Singleton.hpp; sourceTree = "<group>"; };
		9E39725C229F2702001436A7 /* singletondbsample.txt */ = {isa = PBXFileReference; lastKnownFileType = text; name = singletondbsample.txt; path = Singleton/singletondbsample.txt; sourceTree = "<group>"; };
		9E608BD422ADA4990013D7A2 /* Composite.cpp */ = {isa = PBXFileReference; lastKnownFileType = sourcecode.cpp.cpp; name = Composite.cpp; path = Composite/Composite.cpp; sourceTree = "<group>"; };
		9E608BD522ADA4990013D7A2 /* Composite.hpp */ = {isa = PBXFileReference; lastKnownFileType = sourcecode.cpp.h; name = Composite.hpp; path = Composite/Composite.hpp; sourceTree = "<group>"; };
		9E608BD722AE9E010013D7A2 /* NeuralNetwork.cpp */ = {isa = PBXFileReference; lastKnownFileType = sourcecode.cpp.cpp; name = NeuralNetwork.cpp; path = Composite/NeuralNetwork.cpp; sourceTree = "<group>"; };
		9E608BD822AE9E010013D7A2 /* NeuralNetwork.hpp */ = {isa = PBXFileReference; lastKnownFileType = sourcecode.cpp.h; name = NeuralNetwork.hpp; path = Composite/NeuralNetwork.hpp; sourceTree = "<group>"; };
		9E608BDA22B2821F0013D7A2 /* ArrayBacked.cpp */ = {isa = PBXFileReference; lastKnownFileType = sourcecode.cpp.cpp; name = ArrayBacked.cpp; path = Composite/ArrayBacked.cpp; sourceTree = "<group>"; };
		9E608BDB22B2821F0013D7A2 /* ArrayBacked.hpp */ = {isa = PBXFileReference; lastKnownFileType = sourcecode.cpp.h; name = ArrayBacked.hpp; path = Composite/ArrayBacked.hpp; sourceTree = "<group>"; };
		9E608BDE22C41E7F0013D7A2 /* Decorator.cpp */ = {isa = PBXFileReference; lastKnownFileType = sourcecode.cpp.cpp; name = Decorator.cpp; path = Decorator/Decorator.cpp; sourceTree = "<group>"; };
		9E608BDF22C41E7F0013D7A2 /* Decorator.hpp */ = {isa = PBXFileReference; lastKnownFileType = sourcecode.cpp.h; name = Decorator.hpp; path = Decorator/Decorator.hpp; sourceTree = "<group>"; };
		9E608BE122C72D880013D7A2 /* FunctionalDecorator.cpp */ = {isa = PBXFileReference; lastKnownFileType = sourcecode.cpp.cpp; name = FunctionalDecorator.cpp; path = Decorator/FunctionalDecorator.cpp; sourceTree = "<group>"; };
		9E608BE222C72D880013D7A2 /* FunctionalDecorator.hpp */ = {isa = PBXFileReference; lastKnownFileType = sourcecode.cpp.h; name = FunctionalDecorator.hpp; path = Decorator/FunctionalDecorator.hpp; sourceTree = "<group>"; };
		9E6285402283740E003C7D96 /* Builder.cpp */ = {isa = PBXFileReference; lastKnownFileType = sourcecode.cpp.cpp; path = Builder.cpp; sourceTree = "<group>"; };
		9E6285412283740E003C7D96 /* Builder.hpp */ = {isa = PBXFileReference; lastKnownFileType = sourcecode.cpp.h; path = Builder.hpp; sourceTree = "<group>"; };
		9E634D0E2281B4F70096C463 /* InterfaceSegregationPrinciple.cpp */ = {isa = PBXFileReference; lastKnownFileType = sourcecode.cpp.cpp; name = InterfaceSegregationPrinciple.cpp; path = SOLID/InterfaceSegregationPrinciple.cpp; sourceTree = "<group>"; };
		9E634D0F2281B4F70096C463 /* InterfaceSegregationPrinciple.hpp */ = {isa = PBXFileReference; lastKnownFileType = sourcecode.cpp.h; name = InterfaceSegregationPrinciple.hpp; path = SOLID/InterfaceSegregationPrinciple.hpp; sourceTree = "<group>"; };
		9E634D112281BD640096C463 /* DependencyInversionPrinciple.cpp */ = {isa = PBXFileReference; lastKnownFileType = sourcecode.cpp.cpp; name = DependencyInversionPrinciple.cpp; path = SOLID/DependencyInversionPrinciple.cpp; sourceTree = "<group>"; };
		9E634D122281BD640096C463 /* DependencyInversionPrinciple.hpp */ = {isa = PBXFileReference; lastKnownFileType = sourcecode.cpp.h; name = DependencyInversionPrinciple.hpp; path = SOLID/DependencyInversionPrinciple.hpp; sourceTree = "<group>"; };
		9E714A7D2306233100B3B9C5 /* Facade.h */ = {isa = PBXFileReference; lastKnownFileType = sourcecode.c.h; name = Facade.h; path = Facade/Facade.h; sourceTree = "<group>"; };
		9E714A7E2306258400B3B9C5 /* Facade.cpp */ = {isa = PBXFileReference; lastKnownFileType = sourcecode.cpp.cpp; name = Facade.cpp; path = Facade/Facade.cpp; sourceTree = "<group>"; };
		9E79612C22A7112700A136CA /* Geometry.hpp */ = {isa = PBXFileReference; lastKnownFileType = sourcecode.cpp.h; name = Geometry.hpp; path = Adapter/Geometry.hpp; sourceTree = "<group>"; };
		9E79612E22A7132A00A136CA /* Adapter.cpp */ = {isa = PBXFileReference; lastKnownFileType = sourcecode.cpp.cpp; name = Adapter.cpp; path = Adapter/Adapter.cpp; sourceTree = "<group>"; };
		9E79612F22A7132A00A136CA /* Adapter.hpp */ = {isa = PBXFileReference; lastKnownFileType = sourcecode.cpp.h; name = Adapter.hpp; path = Adapter/Adapter.hpp; sourceTree = "<group>"; };
		9E7BCCD022A32E30008BC30F /* Printer.cpp */ = {isa = PBXFileReference; lastKnownFileType = sourcecode.cpp.cpp; name = Printer.cpp; path = Singleton/Printer.cpp; sourceTree = "<group>"; };
		9E7BCCD122A32E30008BC30F /* Printer.hpp */ = {isa = PBXFileReference; lastKnownFileType = sourcecode.cpp.h; name = Printer.hpp; path = Singleton/Printer.hpp; sourceTree = "<group>"; };
		9E7BCCD322A32F4D008BC30F /* Multiton.cpp */ = {isa = PBXFileReference; lastKnownFileType = sourcecode.cpp.cpp; name = Multiton.cpp; path = Singleton/Multiton.cpp; sourceTree = "<group>"; };
		9E7BCCD422A32F4D008BC30F /* Multiton.hpp */ = {isa = PBXFileReference; lastKnownFileType = sourcecode.cpp.h; name = Multiton.hpp; path = Singleton/Multiton.hpp; sourceTree = "<group>"; };
		9E99C52D22973D3800AC60AE /* Prototype.cpp */ = {isa = PBXFileReference; lastKnownFileType = sourcecode.cpp.cpp; name = Prototype.cpp; path = Prototype/Prototype.cpp; sourceTree = "<group>"; };
		9E99C52E22973D3800AC60AE /* Prototype.hpp */ = {isa = PBXFileReference; lastKnownFileType = sourcecode.cpp.h; name = Prototype.hpp; path = Prototype/Prototype.hpp; sourceTree = "<group>"; };
		9EA5CF672291F4C400B06B5D /* AbstractFactory.cpp */ = {isa = PBXFileReference; lastKnownFileType = sourcecode.cpp.cpp; name = AbstractFactory.cpp; path = Factory/AbstractFactory.cpp; sourceTree = "<group>"; };
		9EA5CF682291F4C400B06B5D /* AbstractFactory.hpp */ = {isa = PBXFileReference; lastKnownFileType = sourcecode.cpp.h; name = AbstractFactory.hpp; path = Factory/AbstractFactory.hpp; sourceTree = "<group>"; };
		9EA5CF6B2291F60900B06B5D /* HotDrinkFactory.hpp */ = {isa = PBXFileReference; lastKnownFileType = sourcecode.cpp.h; name = HotDrinkFactory.hpp; path = Factory/HotDrinkFactory.hpp; sourceTree = "<group>"; };
		9EA5CF6E2291F62C00B06B5D /* HotDrink.hpp */ = {isa = PBXFileReference; lastKnownFileType = sourcecode.cpp.h; name = HotDrink.hpp; path = Factory/HotDrink.hpp; sourceTree = "<group>"; };
		9EA5CF712291F84800B06B5D /* DrinkFactory.hpp */ = {isa = PBXFileReference; lastKnownFileType = sourcecode.cpp.h; name = DrinkFactory.hpp; path = Factory/DrinkFactory.hpp; sourceTree = "<group>"; };
		9EA7416B22A9D33900678B69 /* Person.hpp */ = {isa = PBXFileReference; lastKnownFileType = sourcecode.cpp.h; name = Person.hpp; path = Bridge/Person.hpp; sourceTree = "<group>"; };
		9EA7416D22A9D3FD00678B69 /* Person.cpp */ = {isa = PBXFileReference; lastKnownFileType = sourcecode.cpp.cpp; name = Person.cpp; path = Bridge/Person.cpp; sourceTree = "<group>"; };
		9EA7416F22A9D6A100678B69 /* Bridge.cpp */ = {isa = PBXFileReference; lastKnownFileType = sourcecode.cpp.cpp; name = Bridge.cpp; path = Bridge/Bridge.cpp; sourceTree = "<group>"; };
		9EA7417022A9D6A100678B69 /* Bridge.hpp */ = {isa = PBXFileReference; lastKnownFileType = sourcecode.cpp.h; name = Bridge.hpp; path = Bridge/Bridge.hpp; sourceTree = "<group>"; };
		9ECC617A22880ED400E2CB15 /* GroovyStyle.cpp */ = {isa = PBXFileReference; lastKnownFileType = sourcecode.cpp.cpp; path = GroovyStyle.cpp; sourceTree = "<group>"; };
		9ECC617B22880ED400E2CB15 /* GroovyStyle.hpp */ = {isa = PBXFileReference; lastKnownFileType = sourcecode.cpp.h; path = GroovyStyle.hpp; sourceTree = "<group>"; };
		9ECC617D228815E200E2CB15 /* BuilderFactets.cpp */ = {isa = PBXFileReference; lastKnownFileType = sourcecode.cpp.cpp; path = BuilderFactets.cpp; sourceTree = "<group>"; };
		9ECC617E228815E200E2CB15 /* BuilderFactets.hpp */ = {isa = PBXFileReference; lastKnownFileType = sourcecode.cpp.h; path = BuilderFactets.hpp; sourceTree = "<group>"; };
		9ECC6180228817BD00E2CB15 /* Person.cpp */ = {isa = PBXFileReference; lastKnownFileType = sourcecode.cpp.cpp; path = Person.cpp; sourceTree = "<group>"; };
		9ECC6181228817BD00E2CB15 /* Person.hpp */ = {isa = PBXFileReference; lastKnownFileType = sourcecode.cpp.h; path = Person.hpp; sourceTree = "<group>"; };
		9ECC61832288180D00E2CB15 /* PersonBuilder.cpp */ = {isa = PBXFileReference; lastKnownFileType = sourcecode.cpp.cpp; path = PersonBuilder.cpp; sourceTree = "<group>"; };
		9ECC61842288180D00E2CB15 /* PersonBuilder.hpp */ = {isa = PBXFileReference; lastKnownFileType = sourcecode.cpp.h; path = PersonBuilder.hpp; sourceTree = "<group>"; };
		9ECC6187228819D000E2CB15 /* PersonAddressBuilder.hpp */ = {isa = PBXFileReference; lastKnownFileType = sourcecode.cpp.h; path = PersonAddressBuilder.hpp; sourceTree = "<group>"; };
		9ECC618A22881BE200E2CB15 /* PersonJobBuilder.hpp */ = {isa = PBXFileReference; lastKnownFileType = sourcecode.cpp.h; path = PersonJobBuilder.hpp; sourceTree = "<group>"; };
		9ECC618D2288B83900E2CB15 /* Factory.cpp */ = {isa = PBXFileReference; lastKnownFileType = sourcecode.cpp.cpp; name = Factory.cpp; path = Factory/Factory.cpp; sourceTree = "<group>"; };
		9ECC618E2288B83900E2CB15 /* Factory.hpp */ = {isa = PBXFileReference; lastKnownFileType = sourcecode.cpp.h; name = Factory.hpp; path = Factory/Factory.hpp; sourceTree = "<group>"; };
		9EFAEAB022799ECD006C7DB1 /* CppDesignPattern */ = {isa = PBXFileReference; explicitFileType = "compiled.mach-o.executable"; includeInIndex = 0; path = CppDesignPattern; sourceTree = BUILT_PRODUCTS_DIR; };
		9EFAEAB322799ECD006C7DB1 /* main.cpp */ = {isa = PBXFileReference; lastKnownFileType = sourcecode.cpp.cpp; path = main.cpp; sourceTree = "<group>"; };
		9EFAEABC2279A760006C7DB1 /* SingleResponsibilityPrinciple.cpp */ = {isa = PBXFileReference; lastKnownFileType = sourcecode.cpp.cpp; name = SingleResponsibilityPrinciple.cpp; path = SOLID/SingleResponsibilityPrinciple.cpp; sourceTree = "<group>"; };
		9EFAEABD2279A760006C7DB1 /* SingleResponsibilityPrinciple.hpp */ = {isa = PBXFileReference; lastKnownFileType = sourcecode.cpp.h; name = SingleResponsibilityPrinciple.hpp; path = SOLID/SingleResponsibilityPrinciple.hpp; sourceTree = "<group>"; };
/* End PBXFileReference section */

/* Begin PBXFrameworksBuildPhase section */
		9EFAEAAD22799ECD006C7DB1 /* Frameworks */ = {
			isa = PBXFrameworksBuildPhase;
			buildActionMask = 2147483647;
			files = (
			);
			runOnlyForDeploymentPostprocessing = 0;
		};
/* End PBXFrameworksBuildPhase section */

/* Begin PBXGroup section */
		9E397258229F261B001436A7 /* Singleton */ = {
			isa = PBXGroup;
			children = (
				9E397259229F265B001436A7 /* Singleton.cpp */,
				9E39725A229F265B001436A7 /* Singleton.hpp */,
				9E39725C229F2702001436A7 /* singletondbsample.txt */,
				9E7BCCD022A32E30008BC30F /* Printer.cpp */,
				9E7BCCD122A32E30008BC30F /* Printer.hpp */,
				9E7BCCD322A32F4D008BC30F /* Multiton.cpp */,
				9E7BCCD422A32F4D008BC30F /* Multiton.hpp */,
			);
			name = Singleton;
			sourceTree = "<group>";
		};
		9E608BD322ADA44E0013D7A2 /* Composite */ = {
			isa = PBXGroup;
			children = (
				9E608BD422ADA4990013D7A2 /* Composite.cpp */,
				9E608BD522ADA4990013D7A2 /* Composite.hpp */,
				9E608BD722AE9E010013D7A2 /* NeuralNetwork.cpp */,
				9E608BD822AE9E010013D7A2 /* NeuralNetwork.hpp */,
				9E608BDA22B2821F0013D7A2 /* ArrayBacked.cpp */,
				9E608BDB22B2821F0013D7A2 /* ArrayBacked.hpp */,
			);
			name = Composite;
			sourceTree = "<group>";
		};
		9E608BDD22C41E520013D7A2 /* Decorator */ = {
			isa = PBXGroup;
			children = (
				9E608BDE22C41E7F0013D7A2 /* Decorator.cpp */,
				9E608BE122C72D880013D7A2 /* FunctionalDecorator.cpp */,
				9E608BE222C72D880013D7A2 /* FunctionalDecorator.hpp */,
				9E608BDF22C41E7F0013D7A2 /* Decorator.hpp */,
			);
			name = Decorator;
			sourceTree = "<group>";
		};
		9E62853F228373F0003C7D96 /* Builder */ = {
			isa = PBXGroup;
			children = (
				9E6285402283740E003C7D96 /* Builder.cpp */,
				9E6285412283740E003C7D96 /* Builder.hpp */,
				9ECC617A22880ED400E2CB15 /* GroovyStyle.cpp */,
				9ECC617B22880ED400E2CB15 /* GroovyStyle.hpp */,
				9ECC617D228815E200E2CB15 /* BuilderFactets.cpp */,
				9ECC617E228815E200E2CB15 /* BuilderFactets.hpp */,
				9ECC6180228817BD00E2CB15 /* Person.cpp */,
				9ECC6181228817BD00E2CB15 /* Person.hpp */,
				9ECC61832288180D00E2CB15 /* PersonBuilder.cpp */,
				9ECC61842288180D00E2CB15 /* PersonBuilder.hpp */,
				9ECC6187228819D000E2CB15 /* PersonAddressBuilder.hpp */,
				9ECC618A22881BE200E2CB15 /* PersonJobBuilder.hpp */,
			);
			path = Builder;
			sourceTree = "<group>";
		};
		9E714A7C2306225D00B3B9C5 /* Facade */ = {
			isa = PBXGroup;
			children = (
				9E714A7D2306233100B3B9C5 /* Facade.h */,
				9E714A7E2306258400B3B9C5 /* Facade.cpp */,
			);
			name = Facade;
			sourceTree = "<group>";
		};
		9E79612A22A7110400A136CA /* Adapter */ = {
			isa = PBXGroup;
			children = (
				9E79612C22A7112700A136CA /* Geometry.hpp */,
				9E79612E22A7132A00A136CA /* Adapter.cpp */,
				9E79612F22A7132A00A136CA /* Adapter.hpp */,
			);
			name = Adapter;
			sourceTree = "<group>";
		};
		9E99C52C22973CF400AC60AE /* Prototype */ = {
			isa = PBXGroup;
			children = (
				9E99C52D22973D3800AC60AE /* Prototype.cpp */,
				9E99C52E22973D3800AC60AE /* Prototype.hpp */,
			);
			name = Prototype;
			sourceTree = "<group>";
		};
		9EA7416922A9D31000678B69 /* Bridge */ = {
			isa = PBXGroup;
			children = (
				9EA7416B22A9D33900678B69 /* Person.hpp */,
				9EA7416D22A9D3FD00678B69 /* Person.cpp */,
				9EA7416F22A9D6A100678B69 /* Bridge.cpp */,
				9EA7417022A9D6A100678B69 /* Bridge.hpp */,
			);
			name = Bridge;
			sourceTree = "<group>";
		};
		9ECC618C2288B80D00E2CB15 /* Factory */ = {
			isa = PBXGroup;
			children = (
				9ECC618D2288B83900E2CB15 /* Factory.cpp */,
				9ECC618E2288B83900E2CB15 /* Factory.hpp */,
				9EA5CF672291F4C400B06B5D /* AbstractFactory.cpp */,
				9EA5CF682291F4C400B06B5D /* AbstractFactory.hpp */,
				9EA5CF6B2291F60900B06B5D /* HotDrinkFactory.hpp */,
				9EA5CF6E2291F62C00B06B5D /* HotDrink.hpp */,
				9EA5CF712291F84800B06B5D /* DrinkFactory.hpp */,
			);
			name = Factory;
			sourceTree = "<group>";
		};
		9EFAEAA722799ECD006C7DB1 = {
			isa = PBXGroup;
			children = (
				9EFAEAB222799ECD006C7DB1 /* CppDesignPattern */,
				9EFAEAB122799ECD006C7DB1 /* Products */,
			);
			sourceTree = "<group>";
		};
		9EFAEAB122799ECD006C7DB1 /* Products */ = {
			isa = PBXGroup;
			children = (
				9EFAEAB022799ECD006C7DB1 /* CppDesignPattern */,
			);
			name = Products;
			sourceTree = "<group>";
		};
		9EFAEAB222799ECD006C7DB1 /* CppDesignPattern */ = {
			isa = PBXGroup;
			children = (
				9E714A7C2306225D00B3B9C5 /* Facade */,
				9E608BDD22C41E520013D7A2 /* Decorator */,
				9E608BD322ADA44E0013D7A2 /* Composite */,
				9EA7416922A9D31000678B69 /* Bridge */,
				9E79612A22A7110400A136CA /* Adapter */,
				9E397258229F261B001436A7 /* Singleton */,
				9E99C52C22973CF400AC60AE /* Prototype */,
				9ECC618C2288B80D00E2CB15 /* Factory */,
				9E62853F228373F0003C7D96 /* Builder */,
				9EFAEABB2279A71F006C7DB1 /* SOLID */,
				9EFAEAB322799ECD006C7DB1 /* main.cpp */,
			);
			path = CppDesignPattern;
			sourceTree = "<group>";
		};
		9EFAEABB2279A71F006C7DB1 /* SOLID */ = {
			isa = PBXGroup;
			children = (
				9EFAEABC2279A760006C7DB1 /* SingleResponsibilityPrinciple.cpp */,
				9EFAEABD2279A760006C7DB1 /* SingleResponsibilityPrinciple.hpp */,
				9E0D36C1227ED6A000286300 /* OpenClosedPrinciple.cpp */,
				9E0D36C2227ED6A000286300 /* OpenClosedPrinciple.hpp */,
				9E0C04A12280D64D00694419 /* LiskovSubstitutionPrinciple.cpp */,
				9E0C04A22280D64D00694419 /* LiskovSubstitutionPrinciple.hpp */,
				9E634D0E2281B4F70096C463 /* InterfaceSegregationPrinciple.cpp */,
				9E634D0F2281B4F70096C463 /* InterfaceSegregationPrinciple.hpp */,
				9E634D112281BD640096C463 /* DependencyInversionPrinciple.cpp */,
				9E634D122281BD640096C463 /* DependencyInversionPrinciple.hpp */,
			);
			name = SOLID;
			sourceTree = "<group>";
		};
/* End PBXGroup section */

/* Begin PBXNativeTarget section */
		9EFAEAAF22799ECD006C7DB1 /* CppDesignPattern */ = {
			isa = PBXNativeTarget;
			buildConfigurationList = 9EFAEAB722799ECD006C7DB1 /* Build configuration list for PBXNativeTarget "CppDesignPattern" */;
			buildPhases = (
				9EFAEAAC22799ECD006C7DB1 /* Sources */,
				9EFAEAAD22799ECD006C7DB1 /* Frameworks */,
				9EFAEAAE22799ECD006C7DB1 /* CopyFiles */,
			);
			buildRules = (
			);
			dependencies = (
			);
			name = CppDesignPattern;
			productName = CppDesignPattern;
			productReference = 9EFAEAB022799ECD006C7DB1 /* CppDesignPattern */;
			productType = "com.apple.product-type.tool";
		};
/* End PBXNativeTarget section */

/* Begin PBXProject section */
		9EFAEAA822799ECD006C7DB1 /* Project object */ = {
			isa = PBXProject;
			attributes = {
				LastUpgradeCheck = 1010;
				ORGANIZATIONNAME = ogurotetsuro;
				TargetAttributes = {
					9EFAEAAF22799ECD006C7DB1 = {
						CreatedOnToolsVersion = 10.1;
					};
				};
			};
			buildConfigurationList = 9EFAEAAB22799ECD006C7DB1 /* Build configuration list for PBXProject "CppDesignPattern" */;
			compatibilityVersion = "Xcode 9.3";
			developmentRegion = en;
			hasScannedForEncodings = 0;
			knownRegions = (
				en,
			);
			mainGroup = 9EFAEAA722799ECD006C7DB1;
			productRefGroup = 9EFAEAB122799ECD006C7DB1 /* Products */;
			projectDirPath = "";
			projectRoot = "";
			targets = (
				9EFAEAAF22799ECD006C7DB1 /* CppDesignPattern */,
			);
		};
/* End PBXProject section */

/* Begin PBXSourcesBuildPhase section */
		9EFAEAAC22799ECD006C7DB1 /* Sources */ = {
			isa = PBXSourcesBuildPhase;
			buildActionMask = 2147483647;
			files = (
				9E7BCCD222A32E30008BC30F /* Printer.cpp in Sources */,
				9E6285422283740E003C7D96 /* Builder.cpp in Sources */,
				9E608BDC22B2821F0013D7A2 /* ArrayBacked.cpp in Sources */,
				9ECC617F228815E200E2CB15 /* BuilderFactets.cpp in Sources */,
				9E608BD922AE9E010013D7A2 /* NeuralNetwork.cpp in Sources */,
				9E634D132281BD640096C463 /* DependencyInversionPrinciple.cpp in Sources */,
				9EA7417122A9D6A100678B69 /* Bridge.cpp in Sources */,
				9EFAEABE2279A760006C7DB1 /* SingleResponsibilityPrinciple.cpp in Sources */,
				9E99C52F22973D3800AC60AE /* Prototype.cpp in Sources */,
				9E714A7F2306258400B3B9C5 /* Facade.cpp in Sources */,
				9ECC618F2288B83900E2CB15 /* Factory.cpp in Sources */,
				9E0D36C3227ED6A000286300 /* OpenClosedPrinciple.cpp in Sources */,
				9EFAEAB422799ECD006C7DB1 /* main.cpp in Sources */,
				9E608BD622ADA4990013D7A2 /* Composite.cpp in Sources */,
				9E79613022A7132A00A136CA /* Adapter.cpp in Sources */,
				9EA7416E22A9D3FD00678B69 /* Person.cpp in Sources */,
				9EA5CF692291F4C400B06B5D /* AbstractFactory.cpp in Sources */,
				9E39725B229F265B001436A7 /* Singleton.cpp in Sources */,
				9E608BE022C41E7F0013D7A2 /* Decorator.cpp in Sources */,
				9E0C04A32280D64D00694419 /* LiskovSubstitutionPrinciple.cpp in Sources */,
				9E634D102281B4F70096C463 /* InterfaceSegregationPrinciple.cpp in Sources */,
				9ECC61852288180D00E2CB15 /* PersonBuilder.cpp in Sources */,
				9ECC6182228817BD00E2CB15 /* Person.cpp in Sources */,
				9ECC617C22880ED400E2CB15 /* GroovyStyle.cpp in Sources */,
				9E608BE322C72D880013D7A2 /* FunctionalDecorator.cpp in Sources */,
				9E7BCCD522A32F4D008BC30F /* Multiton.cpp in Sources */,
			);
			runOnlyForDeploymentPostprocessing = 0;
		};
/* End PBXSourcesBuildPhase section */

/* Begin XCBuildConfiguration section */
		9EFAEAB522799ECD006C7DB1 /* Debug */ = {
			isa = XCBuildConfiguration;
			buildSettings = {
				ALWAYS_SEARCH_USER_PATHS = NO;
				CLANG_ANALYZER_NONNULL = YES;
				CLANG_ANALYZER_NUMBER_OBJECT_CONVERSION = YES_AGGRESSIVE;
				CLANG_CXX_LANGUAGE_STANDARD = "gnu++14";
				CLANG_CXX_LIBRARY = "libc++";
				CLANG_ENABLE_MODULES = YES;
				CLANG_ENABLE_OBJC_ARC = YES;
				CLANG_ENABLE_OBJC_WEAK = YES;
				CLANG_WARN_BLOCK_CAPTURE_AUTORELEASING = YES;
				CLANG_WARN_BOOL_CONVERSION = YES;
				CLANG_WARN_COMMA = YES;
				CLANG_WARN_CONSTANT_CONVERSION = YES;
				CLANG_WARN_DEPRECATED_OBJC_IMPLEMENTATIONS = YES;
				CLANG_WARN_DIRECT_OBJC_ISA_USAGE = YES_ERROR;
				CLANG_WARN_DOCUMENTATION_COMMENTS = YES;
				CLANG_WARN_EMPTY_BODY = YES;
				CLANG_WARN_ENUM_CONVERSION = YES;
				CLANG_WARN_INFINITE_RECURSION = YES;
				CLANG_WARN_INT_CONVERSION = YES;
				CLANG_WARN_NON_LITERAL_NULL_CONVERSION = YES;
				CLANG_WARN_OBJC_IMPLICIT_RETAIN_SELF = YES;
				CLANG_WARN_OBJC_LITERAL_CONVERSION = YES;
				CLANG_WARN_OBJC_ROOT_CLASS = YES_ERROR;
				CLANG_WARN_RANGE_LOOP_ANALYSIS = YES;
				CLANG_WARN_STRICT_PROTOTYPES = YES;
				CLANG_WARN_SUSPICIOUS_MOVE = YES;
				CLANG_WARN_UNGUARDED_AVAILABILITY = YES_AGGRESSIVE;
				CLANG_WARN_UNREACHABLE_CODE = YES;
				CLANG_WARN__DUPLICATE_METHOD_MATCH = YES;
				CODE_SIGN_IDENTITY = "-";
				COPY_PHASE_STRIP = NO;
				DEBUG_INFORMATION_FORMAT = dwarf;
				ENABLE_STRICT_OBJC_MSGSEND = YES;
				ENABLE_TESTABILITY = YES;
				GCC_C_LANGUAGE_STANDARD = gnu11;
				GCC_DYNAMIC_NO_PIC = NO;
				GCC_NO_COMMON_BLOCKS = YES;
				GCC_OPTIMIZATION_LEVEL = 0;
				GCC_PREPROCESSOR_DEFINITIONS = (
					"DEBUG=1",
					"$(inherited)",
				);
				GCC_WARN_64_TO_32_BIT_CONVERSION = YES;
				GCC_WARN_ABOUT_RETURN_TYPE = YES_ERROR;
				GCC_WARN_UNDECLARED_SELECTOR = YES;
				GCC_WARN_UNINITIALIZED_AUTOS = YES_AGGRESSIVE;
				GCC_WARN_UNUSED_FUNCTION = YES;
				GCC_WARN_UNUSED_VARIABLE = YES;
				MACOSX_DEPLOYMENT_TARGET = 10.14;
				MTL_ENABLE_DEBUG_INFO = INCLUDE_SOURCE;
				MTL_FAST_MATH = YES;
				ONLY_ACTIVE_ARCH = YES;
				SDKROOT = macosx;
			};
			name = Debug;
		};
		9EFAEAB622799ECD006C7DB1 /* Release */ = {
			isa = XCBuildConfiguration;
			buildSettings = {
				ALWAYS_SEARCH_USER_PATHS = NO;
				CLANG_ANALYZER_NONNULL = YES;
				CLANG_ANALYZER_NUMBER_OBJECT_CONVERSION = YES_AGGRESSIVE;
				CLANG_CXX_LANGUAGE_STANDARD = "gnu++14";
				CLANG_CXX_LIBRARY = "libc++";
				CLANG_ENABLE_MODULES = YES;
				CLANG_ENABLE_OBJC_ARC = YES;
				CLANG_ENABLE_OBJC_WEAK = YES;
				CLANG_WARN_BLOCK_CAPTURE_AUTORELEASING = YES;
				CLANG_WARN_BOOL_CONVERSION = YES;
				CLANG_WARN_COMMA = YES;
				CLANG_WARN_CONSTANT_CONVERSION = YES;
				CLANG_WARN_DEPRECATED_OBJC_IMPLEMENTATIONS = YES;
				CLANG_WARN_DIRECT_OBJC_ISA_USAGE = YES_ERROR;
				CLANG_WARN_DOCUMENTATION_COMMENTS = YES;
				CLANG_WARN_EMPTY_BODY = YES;
				CLANG_WARN_ENUM_CONVERSION = YES;
				CLANG_WARN_INFINITE_RECURSION = YES;
				CLANG_WARN_INT_CONVERSION = YES;
				CLANG_WARN_NON_LITERAL_NULL_CONVERSION = YES;
				CLANG_WARN_OBJC_IMPLICIT_RETAIN_SELF = YES;
				CLANG_WARN_OBJC_LITERAL_CONVERSION = YES;
				CLANG_WARN_OBJC_ROOT_CLASS = YES_ERROR;
				CLANG_WARN_RANGE_LOOP_ANALYSIS = YES;
				CLANG_WARN_STRICT_PROTOTYPES = YES;
				CLANG_WARN_SUSPICIOUS_MOVE = YES;
				CLANG_WARN_UNGUARDED_AVAILABILITY = YES_AGGRESSIVE;
				CLANG_WARN_UNREACHABLE_CODE = YES;
				CLANG_WARN__DUPLICATE_METHOD_MATCH = YES;
				CODE_SIGN_IDENTITY = "-";
				COPY_PHASE_STRIP = NO;
				DEBUG_INFORMATION_FORMAT = "dwarf-with-dsym";
				ENABLE_NS_ASSERTIONS = NO;
				ENABLE_STRICT_OBJC_MSGSEND = YES;
				GCC_C_LANGUAGE_STANDARD = gnu11;
				GCC_NO_COMMON_BLOCKS = YES;
				GCC_WARN_64_TO_32_BIT_CONVERSION = YES;
				GCC_WARN_ABOUT_RETURN_TYPE = YES_ERROR;
				GCC_WARN_UNDECLARED_SELECTOR = YES;
				GCC_WARN_UNINITIALIZED_AUTOS = YES_AGGRESSIVE;
				GCC_WARN_UNUSED_FUNCTION = YES;
				GCC_WARN_UNUSED_VARIABLE = YES;
				MACOSX_DEPLOYMENT_TARGET = 10.14;
				MTL_ENABLE_DEBUG_INFO = NO;
				MTL_FAST_MATH = YES;
				SDKROOT = macosx;
			};
			name = Release;
		};
		9EFAEAB822799ECD006C7DB1 /* Debug */ = {
			isa = XCBuildConfiguration;
			buildSettings = {
				CLANG_CXX_LANGUAGE_STANDARD = "c++17";
				CODE_SIGN_STYLE = Automatic;
				PRODUCT_NAME = "$(TARGET_NAME)";
			};
			name = Debug;
		};
		9EFAEAB922799ECD006C7DB1 /* Release */ = {
			isa = XCBuildConfiguration;
			buildSettings = {
				CLANG_CXX_LANGUAGE_STANDARD = "c++17";
				CODE_SIGN_STYLE = Automatic;
				PRODUCT_NAME = "$(TARGET_NAME)";
			};
			name = Release;
		};
/* End XCBuildConfiguration section */

/* Begin XCConfigurationList section */
		9EFAEAAB22799ECD006C7DB1 /* Build configuration list for PBXProject "CppDesignPattern" */ = {
			isa = XCConfigurationList;
			buildConfigurations = (
				9EFAEAB522799ECD006C7DB1 /* Debug */,
				9EFAEAB622799ECD006C7DB1 /* Release */,
			);
			defaultConfigurationIsVisible = 0;
			defaultConfigurationName = Release;
		};
		9EFAEAB722799ECD006C7DB1 /* Build configuration list for PBXNativeTarget "CppDesignPattern" */ = {
			isa = XCConfigurationList;
			buildConfigurations = (
				9EFAEAB822799ECD006C7DB1 /* Debug */,
				9EFAEAB922799ECD006C7DB1 /* Release */,
			);
			defaultConfigurationIsVisible = 0;
			defaultConfigurationName = Release;
		};
/* End XCConfigurationList section */
	};
	rootObject = 9EFAEAA822799ECD006C7DB1 /* Project object */;
}
